
Microsoft Visual Studio Solution File, Format Version 12.00
# Visual Studio 14
VisualStudioVersion = 14.0.24720.0
MinimumVisualStudioVersion = 10.0.40219.1
Project("{FAE04EC0-301F-11D3-BF4B-00C04F79EFBC}") = "messageHandler", "messageHandler\messageHandler.csproj", "{B60F563A-DF6C-4DB2-B5B7-01C03FCE6C98}"
EndProject
Global
	GlobalSection(SolutionConfigurationPlatforms) = preSolution
		Debug|Any CPU = Debug|Any CPU
		Release|Any CPU = Release|Any CPU
	EndGlobalSection
	GlobalSection(ProjectConfigurationPlatforms) = postSolution
		{B60F563A-DF6C-4DB2-B5B7-01C03FCE6C98}.Debug|Any CPU.ActiveCfg = Debug|Any CPU
		{B60F563A-DF6C-4DB2-B5B7-01C03FCE6C98}.Debug|Any CPU.Build.0 = Debug|Any CPU
		{B60F563A-DF6C-4DB2-B5B7-01C03FCE6C98}.Release|Any CPU.ActiveCfg = Release|Any CPU
		{B60F563A-DF6C-4DB2-B5B7-01C03FCE6C98}.Release|Any CPU.Build.0 = Release|Any CPU
	EndGlobalSection
	GlobalSection(SolutionProperties) = preSolution
		HideSolutionNode = FALSE
	EndGlobalSection
EndGlobal
